{
  "name": "static",
  "lockfileVersion": 2,
  "requires": true,
  "packages": {
    "": {
      "dependencies": {
        "cm-chessboard": "^5.2.3"
      }
    },
    "node_modules/cm-chessboard": {
      "version": "5.2.3",
      "resolved": "https://registry.npmjs.org/cm-chessboard/-/cm-chessboard-5.2.3.tgz",
      "integrity": "sha512-gSuDgdIiRPWJmClnpuK4rF2R9NF7zCfUrlq2imLnxj6qlR7kuo12qcKXi0XBqET83KBI6zrKQt9bP+WE6WTrFQ=="
    }
  },
  "dependencies": {
    "cm-chessboard": {
      "version": "5.2.3",
      "resolved": "https://registry.npmjs.org/cm-chessboard/-/cm-chessboard-5.2.3.tgz",
      "integrity": "sha512-gSuDgdIiRPWJmClnpuK4rF2R9NF7zCfUrlq2imLnxj6qlR7kuo12qcKXi0XBqET83KBI6zrKQt9bP+WE6WTrFQ=="
    }
  }
}
